
Microsoft Visual Studio Solution File, Format Version 12.00
# Visual Studio Version 17
VisualStudioVersion = 17.5.002.0
MinimumVisualStudioVersion = 10.0.40219.1
Project("{9A19103F-16F7-4668-BE54-9A1E7A4F7556}") = "Library", "Library\Library.csproj", "{EF0E4F6D-C7BA-46A0-8F01-15344FBAEB93}"
EndProject
Project("{9A19103F-16F7-4668-BE54-9A1E7A4F7556}") = "Program", "Program\Program.csproj", "{7FB5FAB5-6554-43DF-A921-90A58FCF11F6}"
EndProject
Global
	GlobalSection(SolutionConfigurationPlatforms) = preSolution
		Debug|Any CPU = Debug|Any CPU
		Release|Any CPU = Release|Any CPU
	EndGlobalSection
	GlobalSection(ProjectConfigurationPlatforms) = postSolution
		{EF0E4F6D-C7BA-46A0-8F01-15344FBAEB93}.Debug|Any CPU.ActiveCfg = Debug|Any CPU
		{EF0E4F6D-C7BA-46A0-8F01-15344FBAEB93}.Debug|Any CPU.Build.0 = Debug|Any CPU
		{EF0E4F6D-C7BA-46A0-8F01-15344FBAEB93}.Release|Any CPU.ActiveCfg = Release|Any CPU
		{EF0E4F6D-C7BA-46A0-8F01-15344FBAEB93}.Release|Any CPU.Build.0 = Release|Any CPU
		{7FB5FAB5-6554-43DF-A921-90A58FCF11F6}.Debug|Any CPU.ActiveCfg = Debug|Any CPU
		{7FB5FAB5-6554-43DF-A921-90A58FCF11F6}.Debug|Any CPU.Build.0 = Debug|Any CPU
		{7FB5FAB5-6554-43DF-A921-90A58FCF11F6}.Release|Any CPU.ActiveCfg = Release|Any CPU
		{7FB5FAB5-6554-43DF-A921-90A58FCF11F6}.Release|Any CPU.Build.0 = Release|Any CPU
	EndGlobalSection
	GlobalSection(SolutionProperties) = preSolution
		HideSolutionNode = FALSE
	EndGlobalSection
	GlobalSection(ExtensibilityGlobals) = postSolution
		SolutionGuid = {E532808F-1615-45F2-915C-151F8E5D1E3B}
	EndGlobalSection
EndGlobal
